
Microsoft Visual Studio Solution File, Format Version 12.00
# Visual Studio Version 16
VisualStudioVersion = 16.0.31729.503
MinimumVisualStudioVersion = 10.0.40219.1
Project("{FAE04EC0-301F-11D3-BF4B-00C04F79EFBC}") = "Exerc_Interface_LocadoraDeCarros", "Exerc_Interface_LocadoraDeCarros\Exerc_Interface_LocadoraDeCarros.csproj", "{E01A69A5-42EA-4893-8EC2-4DC640E53481}"
EndProject
Global
	GlobalSection(SolutionConfigurationPlatforms) = preSolution
		Debug|Any CPU = Debug|Any CPU
		Release|Any CPU = Release|Any CPU
	EndGlobalSection
	GlobalSection(ProjectConfigurationPlatforms) = postSolution
		{E01A69A5-42EA-4893-8EC2-4DC640E53481}.Debug|Any CPU.ActiveCfg = Debug|Any CPU
		{E01A69A5-42EA-4893-8EC2-4DC640E53481}.Debug|Any CPU.Build.0 = Debug|Any CPU
		{E01A69A5-42EA-4893-8EC2-4DC640E53481}.Release|Any CPU.ActiveCfg = Release|Any CPU
		{E01A69A5-42EA-4893-8EC2-4DC640E53481}.Release|Any CPU.Build.0 = Release|Any CPU
	EndGlobalSection
	GlobalSection(SolutionProperties) = preSolution
		HideSolutionNode = FALSE
	EndGlobalSection
	GlobalSection(ExtensibilityGlobals) = postSolution
		SolutionGuid = {8F363D8B-2F07-40B4-B4AD-74DCB2668173}
	EndGlobalSection
EndGlobal
